# THIS IS AN AUTOGENERATED FILE. DO NOT EDIT THIS FILE DIRECTLY.
# yarn lockfile v1


"@devnomic/marquee@^1.0.3":
  version "1.0.3"
  resolved "file:../../Aion2-tools/interactive-map-en/node_modules/@devnomic/marquee"
  dependencies:
    clsx "^2.1.0"
    tailwind-merge "^2.2.0"

"@eslint/js@^9.39.1":
  version "9.39.1"
  resolved "file:../../Aion2-tools/interactive-map-en/node_modules/@eslint/js"

"@fortawesome/fontawesome-svg-core@^7.1.0":
  version "7.1.0"
  resolved "file:../../Aion2-tools/interactive-map-en/node_modules/@fortawesome/fontawesome-svg-core"
  dependencies:
    "@fortawesome/fontawesome-common-types" "7.1.0"

"@fortawesome/free-brands-svg-icons@^7.1.0":
  version "7.1.0"
  resolved "file:../../Aion2-tools/interactive-map-en/node_modules/@fortawesome/free-brands-svg-icons"
  dependencies:
    "@fortawesome/fontawesome-common-types" "7.1.0"

"@fortawesome/free-regular-svg-icons@^7.1.0":
  version "7.1.0"
  resolved "file:../../Aion2-tools/interactive-map-en/node_modules/@fortawesome/free-regular-svg-icons"
  dependencies:
    "@fortawesome/fontawesome-common-types" "7.1.0"

"@fortawesome/free-solid-svg-icons@^7.1.0":
  version "7.1.0"
  resolved "file:../../Aion2-tools/interactive-map-en/node_modules/@fortawesome/free-solid-svg-icons"
  dependencies:
    "@fortawesome/fontawesome-common-types" "7.1.0"

"@fortawesome/react-fontawesome@^3.1.0":
  version "3.1.0"
  resolved "file:../../Aion2-tools/interactive-map-en/node_modules/@fortawesome/react-fontawesome"

"@heroui/react@^2.8.5":
  version "2.8.5"
  resolved "file:../../Aion2-tools/interactive-map-en/node_modules/@heroui/react"
  dependencies:
    "@heroui/accordion" "2.2.24"
    "@heroui/alert" "2.2.27"
    "@heroui/autocomplete" "2.3.29"
    "@heroui/avatar" "2.2.22"
    "@heroui/badge" "2.2.17"
    "@heroui/breadcrumbs" "2.2.22"
    "@heroui/button" "2.2.27"
    "@heroui/calendar" "2.2.27"
    "@heroui/card" "2.2.25"
    "@heroui/checkbox" "2.3.27"
    "@heroui/chip" "2.2.22"
    "@heroui/code" "2.2.21"
    "@heroui/date-input" "2.3.27"
    "@heroui/date-picker" "2.3.28"
    "@heroui/divider" "2.2.20"
    "@heroui/drawer" "2.2.24"
    "@heroui/dropdown" "2.3.27"
    "@heroui/form" "2.1.27"
    "@heroui/framer-utils" "2.1.23"
    "@heroui/image" "2.2.17"
    "@heroui/input" "2.4.28"
    "@heroui/input-otp" "2.1.27"
    "@heroui/kbd" "2.2.22"
    "@heroui/link" "2.2.23"
    "@heroui/listbox" "2.3.26"
    "@heroui/menu" "2.2.26"
    "@heroui/modal" "2.2.24"
    "@heroui/navbar" "2.2.25"
    "@heroui/number-input" "2.0.18"
    "@heroui/pagination" "2.2.24"
    "@heroui/popover" "2.3.27"
    "@heroui/progress" "2.2.22"
    "@heroui/radio" "2.3.27"
    "@heroui/ripple" "2.2.20"
    "@heroui/scroll-shadow" "2.3.18"
    "@heroui/select" "2.4.28"
    "@heroui/skeleton" "2.2.17"
    "@heroui/slider" "2.4.24"
    "@heroui/snippet" "2.2.28"
    "@heroui/spacer" "2.2.21"
    "@heroui/spinner" "2.2.24"
    "@heroui/switch" "2.2.24"
    "@heroui/system" "2.4.23"
    "@heroui/table" "2.2.27"
    "@heroui/tabs" "2.2.24"
    "@heroui/theme" "2.4.23"
    "@heroui/toast" "2.0.17"
    "@heroui/tooltip" "2.2.24"
    "@heroui/user" "2.2.22"
    "@react-aria/visually-hidden" "3.8.28"

"@tailwindcss/postcss@^4.1.17":
  version "4.1.17"
  resolved "file:../../Aion2-tools/interactive-map-en/node_modules/@tailwindcss/postcss"
  dependencies:
    "@alloc/quick-lru" "^5.2.0"
    "@tailwindcss/node" "4.1.17"
    "@tailwindcss/oxide" "4.1.17"
    postcss "^8.4.41"
    tailwindcss "4.1.17"

"@tailwindcss/typography@^0.5.19":
  version "0.5.19"
  resolved "file:../../Aion2-tools/interactive-map-en/node_modules/@tailwindcss/typography"
  dependencies:
    postcss-selector-parser "6.0.10"

"@tailwindcss/vite@^4.1.17":
  version "4.1.17"
  resolved "file:../../Aion2-tools/interactive-map-en/node_modules/@tailwindcss/vite"
  dependencies:
    "@tailwindcss/node" "4.1.17"
    "@tailwindcss/oxide" "4.1.17"
    tailwindcss "4.1.17"

"@tanstack/react-router@^1.140.0":
  version "1.140.0"
  resolved "file:../../Aion2-tools/interactive-map-en/node_modules/@tanstack/react-router"
  dependencies:
    "@tanstack/history" "1.140.0"
    "@tanstack/react-store" "^0.8.0"
    "@tanstack/router-core" "1.140.0"
    isbot "^5.1.22"
    tiny-invariant "^1.3.3"
    tiny-warning "^1.0.3"

"@tanstack/router-cli@^1.140.5":
  version "1.140.5"
  resolved "file:../../Aion2-tools/interactive-map-en/node_modules/@tanstack/router-cli"
  dependencies:
    "@tanstack/router-generator" "1.140.5"
    chokidar "^3.6.0"
    yargs "^17.7.2"

"@tanstack/router-devtools@^1.140.0":
  version "1.140.0"
  resolved "file:../../Aion2-tools/interactive-map-en/node_modules/@tanstack/router-devtools"
  dependencies:
    "@tanstack/react-router-devtools" "1.140.0"
    clsx "^2.1.1"
    goober "^2.1.16"

"@tanstack/router-plugin@^1.140.5":
  version "1.140.5"
  resolved "file:../../Aion2-tools/interactive-map-en/node_modules/@tanstack/router-plugin"
  dependencies:
    "@babel/core" "^7.27.7"
    "@babel/plugin-syntax-jsx" "^7.27.1"
    "@babel/plugin-syntax-typescript" "^7.27.1"
    "@babel/template" "^7.27.2"
    "@babel/traverse" "^7.27.7"
    "@babel/types" "^7.27.7"
    "@tanstack/router-core" "1.140.5"
    "@tanstack/router-generator" "1.140.5"
    "@tanstack/router-utils" "1.140.0"
    "@tanstack/virtual-file-routes" "1.140.0"
    babel-dead-code-elimination "^1.0.10"
    chokidar "^3.6.0"
    unplugin "^2.1.2"
    zod "^3.24.2"

"@types/leaflet@^1.9.21":
  version "1.9.21"
  resolved "file:../../Aion2-tools/interactive-map-en/node_modules/@types/leaflet"
  dependencies:
    "@types/geojson" "*"

"@types/lodash@^4.17.21":
  version "4.17.21"
  resolved "file:../../Aion2-tools/interactive-map-en/node_modules/@types/lodash"

"@types/moment@^2.13.0":
  version "2.13.0"
  resolved "file:../../Aion2-tools/interactive-map-en/node_modules/@types/moment"
  dependencies:
    moment "*"

"@types/node@^24.10.0":
  version "24.10.1"
  resolved "file:../../Aion2-tools/interactive-map-en/node_modules/@types/node"
  dependencies:
    undici-types "~7.16.0"

"@types/react-dom@^19.2.2":
  version "19.2.3"
  resolved "file:../../Aion2-tools/interactive-map-en/node_modules/@types/react-dom"

"@types/react@^19.2.2":
  version "19.2.5"
  resolved "file:../../Aion2-tools/interactive-map-en/node_modules/@types/react"
  dependencies:
    csstype "^3.0.2"

"@types/uuid@^11.0.0":
  version "11.0.0"
  resolved "file:../../Aion2-tools/interactive-map-en/node_modules/@types/uuid"
  dependencies:
    uuid "*"

"@vitejs/plugin-react@^5.1.0":
  version "5.1.1"
  resolved "file:../../Aion2-tools/interactive-map-en/node_modules/@vitejs/plugin-react"
  dependencies:
    "@babel/core" "^7.28.5"
    "@babel/plugin-transform-react-jsx-self" "^7.27.1"
    "@babel/plugin-transform-react-jsx-source" "^7.27.1"
    "@rolldown/pluginutils" "1.0.0-beta.47"
    "@types/babel__core" "^7.20.5"
    react-refresh "^0.18.0"

altcha@^2.2.4:
  version "2.2.4"
  resolved "file:../../Aion2-tools/interactive-map-en/node_modules/altcha"
  dependencies:
    "@altcha/crypto" "^0.0.1"
  optionalDependencies:
    "@rollup/rollup-linux-x64-gnu" "4.18.0"

cross-env@^10.1.0:
  version "10.1.0"
  resolved "file:../../Aion2-tools/interactive-map-en/node_modules/cross-env"
  dependencies:
    "@epic-web/invariant" "^1.0.0"
    cross-spawn "^7.0.6"

dompurify@^3.3.0:
  version "3.3.0"
  resolved "file:../../Aion2-tools/interactive-map-en/node_modules/dompurify"
  optionalDependencies:
    "@types/trusted-types" "^2.0.7"

embla-carousel-autoplay@^8.6.0:
  version "8.6.0"
  resolved "file:../../Aion2-tools/interactive-map-en/node_modules/embla-carousel-autoplay"

embla-carousel-react@^8.6.0:
  version "8.6.0"
  resolved "file:../../Aion2-tools/interactive-map-en/node_modules/embla-carousel-react"
  dependencies:
    embla-carousel "8.6.0"
    embla-carousel-reactive-utils "8.6.0"

embla-carousel@^8.6.0:
  version "8.6.0"
  resolved "file:../../Aion2-tools/interactive-map-en/node_modules/embla-carousel"

eslint-plugin-react-hooks@^7.0.1:
  version "7.0.1"
  resolved "file:../../Aion2-tools/interactive-map-en/node_modules/eslint-plugin-react-hooks"
  dependencies:
    "@babel/core" "^7.24.4"
    "@babel/parser" "^7.24.4"
    hermes-parser "^0.25.1"
    zod "^3.25.0 || ^4.0.0"
    zod-validation-error "^3.5.0 || ^4.0.0"

eslint-plugin-react-refresh@^0.4.24:
  version "0.4.24"
  resolved "file:../../Aion2-tools/interactive-map-en/node_modules/eslint-plugin-react-refresh"

eslint@^9.39.1:
  version "9.39.1"
  resolved "file:../../Aion2-tools/interactive-map-en/node_modules/eslint"
  dependencies:
    "@eslint-community/eslint-utils" "^4.8.0"
    "@eslint-community/regexpp" "^4.12.1"
    "@eslint/config-array" "^0.21.1"
    "@eslint/config-helpers" "^0.4.2"
    "@eslint/core" "^0.17.0"
    "@eslint/eslintrc" "^3.3.1"
    "@eslint/js" "9.39.1"
    "@eslint/plugin-kit" "^0.4.1"
    "@humanfs/node" "^0.16.6"
    "@humanwhocodes/module-importer" "^1.0.1"
    "@humanwhocodes/retry" "^0.4.2"
    "@types/estree" "^1.0.6"
    ajv "^6.12.4"
    chalk "^4.0.0"
    cross-spawn "^7.0.6"
    debug "^4.3.2"
    escape-string-regexp "^4.0.0"
    eslint-scope "^8.4.0"
    eslint-visitor-keys "^4.2.1"
    espree "^10.4.0"
    esquery "^1.5.0"
    esutils "^2.0.2"
    fast-deep-equal "^3.1.3"
    file-entry-cache "^8.0.0"
    find-up "^5.0.0"
    glob-parent "^6.0.2"
    ignore "^5.2.0"
    imurmurhash "^0.1.4"
    is-glob "^4.0.0"
    json-stable-stringify-without-jsonify "^1.0.1"
    lodash.merge "^4.6.2"
    minimatch "^3.1.2"
    natural-compare "^1.4.0"
    optionator "^0.9.3"

framer-motion@^12.23.24:
  version "12.23.24"
  resolved "file:../../Aion2-tools/interactive-map-en/node_modules/framer-motion"
  dependencies:
    motion-dom "^12.23.23"
    motion-utils "^12.23.6"
    tslib "^2.4.0"

globals@^16.5.0:
  version "16.5.0"
  resolved "file:../../Aion2-tools/interactive-map-en/node_modules/globals"

html-to-image@^1.11.13:
  version "1.11.13"
  resolved "file:../../Aion2-tools/interactive-map-en/node_modules/html-to-image"

i18next-browser-languagedetector@^8.2.0:
  version "8.2.0"
  resolved "file:../../Aion2-tools/interactive-map-en/node_modules/i18next-browser-languagedetector"
  dependencies:
    "@babel/runtime" "^7.23.2"

i18next-http-backend@^3.0.2:
  version "3.0.2"
  resolved "file:../../Aion2-tools/interactive-map-en/node_modules/i18next-http-backend"
  dependencies:
    cross-fetch "4.0.0"

i18next@^25.6.2:
  version "25.6.2"
  resolved "file:../../Aion2-tools/interactive-map-en/node_modules/i18next"
  dependencies:
    "@babel/runtime" "^7.27.6"

leaflet@^1.9.4:
  version "1.9.4"
  resolved "file:../../Aion2-tools/interactive-map-en/node_modules/leaflet"

lodash@^4.17.21:
  version "4.17.21"
  resolved "file:../../Aion2-tools/interactive-map-en/node_modules/lodash"

minisearch@^7.2.0:
  version "7.2.0"
  resolved "file:../../Aion2-tools/interactive-map-en/node_modules/minisearch"

moment@^2.30.1:
  version "2.30.1"
  resolved "file:../../Aion2-tools/interactive-map-en/node_modules/moment"

react-dom@^19.2.0:
  version "19.2.0"
  resolved "file:../../Aion2-tools/interactive-map-en/node_modules/react-dom"
  dependencies:
    scheduler "^0.27.0"

react-dropzone@^14.3.8:
  version "14.3.8"
  resolved "file:../../Aion2-tools/interactive-map-en/node_modules/react-dropzone"
  dependencies:
    attr-accept "^2.2.4"
    file-selector "^2.1.0"
    prop-types "^15.8.1"

react-i18next@^16.3.3:
  version "16.3.3"
  resolved "file:../../Aion2-tools/interactive-map-en/node_modules/react-i18next"
  dependencies:
    "@babel/runtime" "^7.27.6"
    html-parse-stringify "^3.0.1"
    use-sync-external-store "^1.6.0"

react-leaflet@^5.0.0:
  version "5.0.0"
  resolved "file:../../Aion2-tools/interactive-map-en/node_modules/react-leaflet"
  dependencies:
    "@react-leaflet/core" "^3.0.0"

react-markdown@^10.1.0:
  version "10.1.0"
  resolved "file:../../Aion2-tools/interactive-map-en/node_modules/react-markdown"
  dependencies:
    "@types/hast" "^3.0.0"
    "@types/mdast" "^4.0.0"
    devlop "^1.0.0"
    hast-util-to-jsx-runtime "^2.0.0"
    html-url-attributes "^3.0.0"
    mdast-util-to-hast "^13.0.0"
    remark-parse "^11.0.0"
    remark-rehype "^11.0.0"
    unified "^11.0.0"
    unist-util-visit "^5.0.0"
    vfile "^6.0.0"

react-ticker@^1.3.2:
  version "1.3.2"
  resolved "file:../../Aion2-tools/interactive-map-en/node_modules/react-ticker"

react-zoom-pan-pinch@^3.7.0:
  version "3.7.0"
  resolved "file:../../Aion2-tools/interactive-map-en/node_modules/react-zoom-pan-pinch"

react@^19.2.0:
  version "19.2.0"
  resolved "file:../../Aion2-tools/interactive-map-en/node_modules/react"

remark-gfm@^4.0.1:
  version "4.0.1"
  resolved "file:../../Aion2-tools/interactive-map-en/node_modules/remark-gfm"
  dependencies:
    "@types/mdast" "^4.0.0"
    mdast-util-gfm "^3.0.0"
    micromark-extension-gfm "^3.0.0"
    remark-parse "^11.0.0"
    remark-stringify "^11.0.0"
    unified "^11.0.0"

tailwind-merge@^3.4.0:
  version "3.4.0"
  resolved "file:../../Aion2-tools/interactive-map-en/node_modules/tailwind-merge"

tailwind-variants@^3.1.1:
  version "3.1.1"
  resolved "file:../../Aion2-tools/interactive-map-en/node_modules/tailwind-variants"

tailwindcss@^4.1.17:
  version "4.1.17"
  resolved "file:../../Aion2-tools/interactive-map-en/node_modules/tailwindcss"

typescript-eslint@^8.46.3:
  version "8.46.4"
  resolved "file:../../Aion2-tools/interactive-map-en/node_modules/typescript-eslint"
  dependencies:
    "@typescript-eslint/eslint-plugin" "8.46.4"
    "@typescript-eslint/parser" "8.46.4"
    "@typescript-eslint/typescript-estree" "8.46.4"
    "@typescript-eslint/utils" "8.46.4"

typescript@~5.9.3:
  version "5.9.3"
  resolved "file:../../Aion2-tools/interactive-map-en/node_modules/typescript"

uuid@^13.0.0:
  version "13.0.0"
  resolved "file:../../Aion2-tools/interactive-map-en/node_modules/uuid"

"vite@npm:rolldown-vite@7.2.2":
  version "7.2.2"
  resolved "file:../../Aion2-tools/interactive-map-en/node_modules/vite"
  dependencies:
    "@oxc-project/runtime" "0.96.0"
    fdir "^6.5.0"
    lightningcss "^1.30.2"
    picomatch "^4.0.3"
    postcss "^8.5.6"
    rolldown "1.0.0-beta.47"
    tinyglobby "^0.2.15"
  optionalDependencies:
    fsevents "~2.3.3"

yaml@^2.8.1:
  version "2.8.1"
  resolved "file:../../Aion2-tools/interactive-map-en/node_modules/yaml"
